schema: '2.0'
stages:
  stage01:
    cmd: python stage01.py
    deps:
    - path: stage01.py
      hash: md5
      md5: 7a3ecd18a9e6e82105e41a10658b494e
      size: 71
    outs:
    - path: artifacts.txt
      hash: md5
      md5: a8a5ca729abcc1997145df1c308d0e1c
      size: 17
  stage02:
    cmd: python stage02.py
    deps:
    - path: artifacts.txt
      hash: md5
      md5: a8a5ca729abcc1997145df1c308d0e1c
      size: 17
    - path: stage02.py
      hash: md5
      md5: 509d7debdf7776b7c9e84e031edbf4fe
      size: 145
  stage03:
    cmd: python stage03.py
    deps:
    - path: artifacts.txt
      hash: md5
      md5: b37e92fb57729f0fedf0ae2cbce91830
      size: 43
    - path: stage03.py
      hash: md5
      md5: 997ce249fc5b3765d9a5bf3fb5cd4fc4
      size: 228
